
Microsoft Visual Studio Solution File, Format Version 12.00
# Visual Studio 15
VisualStudioVersion = 15.0.28010.2036
MinimumVisualStudioVersion = 10.0.40219.1
Project("{FAE04EC0-301F-11D3-BF4B-00C04F79EFBC}") = "LineCnt", "LineCnt\LineCnt.csproj", "{FD7EFA97-B485-4C87-86C6-0008395E94D3}"
EndProject
Global
	GlobalSection(SolutionConfigurationPlatforms) = preSolution
		Debug|Any CPU = Debug|Any CPU
		Release|Any CPU = Release|Any CPU
	EndGlobalSection
	GlobalSection(ProjectConfigurationPlatforms) = postSolution
		{FD7EFA97-B485-4C87-86C6-0008395E94D3}.Debug|Any CPU.ActiveCfg = Debug|Any CPU
		{FD7EFA97-B485-4C87-86C6-0008395E94D3}.Debug|Any CPU.Build.0 = Debug|Any CPU
		{FD7EFA97-B485-4C87-86C6-0008395E94D3}.Release|Any CPU.ActiveCfg = Release|Any CPU
		{FD7EFA97-B485-4C87-86C6-0008395E94D3}.Release|Any CPU.Build.0 = Release|Any CPU
	EndGlobalSection
	GlobalSection(SolutionProperties) = preSolution
		HideSolutionNode = FALSE
	EndGlobalSection
	GlobalSection(ExtensibilityGlobals) = postSolution
		SolutionGuid = {B280AEC5-8B41-451B-AAAA-E3300FFE1B98}
	EndGlobalSection
EndGlobal
